
Microsoft Visual Studio Solution File, Format Version 12.00
# Visual Studio Version 17
VisualStudioVersion = 17.0.31903.59
MinimumVisualStudioVersion = 10.0.40219.1
Project("{2150E333-8FDC-42A3-9474-1A3956D46DE8}") = "Domain", "Domain", "{CEBF0DBF-328B-4561-8542-478060FF6600}"
EndProject
Project("{2150E333-8FDC-42A3-9474-1A3956D46DE8}") = "Infa.Bus", "Infa.Bus", "{B893C036-8D16-4058-BA3F-5529BA0E6B49}"
EndProject
Project("{2150E333-8FDC-42A3-9474-1A3956D46DE8}") = "Infa.loC", "Infa.loC", "{05C0167C-9E2B-40B8-B942-20C1EF387844}"
EndProject
Project("{2150E333-8FDC-42A3-9474-1A3956D46DE8}") = "Microservices", "Microservices", "{6A9D5D3A-9FE2-4AE5-B024-75F5F33FB5FF}"
EndProject
Project("{2150E333-8FDC-42A3-9474-1A3956D46DE8}") = "Presentation", "Presentation", "{481C3181-61D8-46EE-8A66-3ABA955DA54A}"
EndProject
Project("{FAE04EC0-301F-11D3-BF4B-00C04F79EFBC}") = "MicroBanking.Domain.Core", "MicroBanking.Domain.Core\MicroBanking.Domain.Core.csproj", "{46481683-F6CB-4E95-B0D8-6C068924C1B3}"
EndProject
Project("{FAE04EC0-301F-11D3-BF4B-00C04F79EFBC}") = "Rabbit.Infa.Bus", "Rabbit.Infa.Bus\Rabbit.Infa.Bus.csproj", "{0050B8F4-92E1-4720-9DB5-D30FA19C8312}"
EndProject
Global
	GlobalSection(SolutionConfigurationPlatforms) = preSolution
		Debug|Any CPU = Debug|Any CPU
		Release|Any CPU = Release|Any CPU
	EndGlobalSection
	GlobalSection(SolutionProperties) = preSolution
		HideSolutionNode = FALSE
	EndGlobalSection
	GlobalSection(NestedProjects) = preSolution
		{46481683-F6CB-4E95-B0D8-6C068924C1B3} = {CEBF0DBF-328B-4561-8542-478060FF6600}
		{0050B8F4-92E1-4720-9DB5-D30FA19C8312} = {B893C036-8D16-4058-BA3F-5529BA0E6B49}
	EndGlobalSection
	GlobalSection(ProjectConfigurationPlatforms) = postSolution
		{46481683-F6CB-4E95-B0D8-6C068924C1B3}.Debug|Any CPU.ActiveCfg = Debug|Any CPU
		{46481683-F6CB-4E95-B0D8-6C068924C1B3}.Debug|Any CPU.Build.0 = Debug|Any CPU
		{46481683-F6CB-4E95-B0D8-6C068924C1B3}.Release|Any CPU.ActiveCfg = Release|Any CPU
		{46481683-F6CB-4E95-B0D8-6C068924C1B3}.Release|Any CPU.Build.0 = Release|Any CPU
		{0050B8F4-92E1-4720-9DB5-D30FA19C8312}.Debug|Any CPU.ActiveCfg = Debug|Any CPU
		{0050B8F4-92E1-4720-9DB5-D30FA19C8312}.Debug|Any CPU.Build.0 = Debug|Any CPU
		{0050B8F4-92E1-4720-9DB5-D30FA19C8312}.Release|Any CPU.ActiveCfg = Release|Any CPU
		{0050B8F4-92E1-4720-9DB5-D30FA19C8312}.Release|Any CPU.Build.0 = Release|Any CPU
	EndGlobalSection
EndGlobal
