
Microsoft Visual Studio Solution File, Format Version 12.00
# Visual Studio Version 17
VisualStudioVersion = 17.0.31903.59
MinimumVisualStudioVersion = 10.0.40219.1
Project("{2150E333-8FDC-42A3-9474-1A3956D46DE8}") = "Domain", "Domain", "{CEBF0DBF-328B-4561-8542-478060FF6600}"
EndProject
Project("{2150E333-8FDC-42A3-9474-1A3956D46DE8}") = "Infa.Bus", "Infa.Bus", "{B893C036-8D16-4058-BA3F-5529BA0E6B49}"
EndProject
Project("{2150E333-8FDC-42A3-9474-1A3956D46DE8}") = "Infa.loC", "Infa.loC", "{05C0167C-9E2B-40B8-B942-20C1EF387844}"
EndProject
Project("{2150E333-8FDC-42A3-9474-1A3956D46DE8}") = "Microservices", "Microservices", "{6A9D5D3A-9FE2-4AE5-B024-75F5F33FB5FF}"
EndProject
Project("{2150E333-8FDC-42A3-9474-1A3956D46DE8}") = "Presentation", "Presentation", "{481C3181-61D8-46EE-8A66-3ABA955DA54A}"
EndProject
Project("{FAE04EC0-301F-11D3-BF4B-00C04F79EFBC}") = "MicroBanking.Domain.Core", "MicroBanking.Domain.Core\MicroBanking.Domain.Core.csproj", "{46481683-F6CB-4E95-B0D8-6C068924C1B3}"
EndProject
Project("{FAE04EC0-301F-11D3-BF4B-00C04F79EFBC}") = "Rabbit.Infa.Bus", "Rabbit.Infa.Bus\Rabbit.Infa.Bus.csproj", "{0050B8F4-92E1-4720-9DB5-D30FA19C8312}"
EndProject
Project("{FAE04EC0-301F-11D3-BF4B-00C04F79EFBC}") = "MicroBanking.Infra.Bus", "MicroBanking.Infra.Bus\MicroBanking.Infra.Bus.csproj", "{93E4340F-2D8C-4C94-B046-35CAF6E8193B}"
EndProject
Project("{2150E333-8FDC-42A3-9474-1A3956D46DE8}") = "Banking", "Banking", "{D153AF5C-76CD-4065-AF22-1E4C6488A611}"
EndProject
Project("{2150E333-8FDC-42A3-9474-1A3956D46DE8}") = "Api", "Api", "{BDBEAD32-3E99-4B57-B82A-7900BC1A63D7}"
EndProject
Project("{2150E333-8FDC-42A3-9474-1A3956D46DE8}") = "Domain", "Domain", "{1B5F6347-E050-4B2A-AF7A-B2FB47B9268A}"
EndProject
Project("{2150E333-8FDC-42A3-9474-1A3956D46DE8}") = "Application", "Application", "{269C7884-D7FE-4F09-A568-759B699AA78F}"
EndProject
Project("{2150E333-8FDC-42A3-9474-1A3956D46DE8}") = "Data", "Data", "{B528B1CD-F003-4E07-812C-68E5E1A5E895}"
EndProject
Project("{FAE04EC0-301F-11D3-BF4B-00C04F79EFBC}") = "Banking.Application", "Banking.Application\Banking.Application.csproj", "{CD445EBD-C077-423D-BB3E-61C98661FAF5}"
EndProject
Project("{FAE04EC0-301F-11D3-BF4B-00C04F79EFBC}") = "Banking.Data", "Banking.Data\Banking.Data.csproj", "{5ADB0847-9672-43F0-A406-AE994AE1D264}"
EndProject
Project("{FAE04EC0-301F-11D3-BF4B-00C04F79EFBC}") = "Banking.Domain", "Banking.Domain\Banking.Domain.csproj", "{72665DCB-FFE9-443C-AC8B-C2951DCA9627}"
EndProject
Project("{FAE04EC0-301F-11D3-BF4B-00C04F79EFBC}") = "Bnking.Api", "Bnking.Api\Bnking.Api.csproj", "{B824A42F-4AEB-4FA9-A516-2BD0A1C3862C}"
EndProject
Project("{2150E333-8FDC-42A3-9474-1A3956D46DE8}") = "Transfer", "Transfer", "{950FB2F8-CBA0-437E-B568-18F9749B2771}"
EndProject
Project("{2150E333-8FDC-42A3-9474-1A3956D46DE8}") = "Api", "Api", "{28E1BE8B-30D1-4136-B4C5-FCD61BC75917}"
EndProject
Project("{2150E333-8FDC-42A3-9474-1A3956D46DE8}") = "Application", "Application", "{9A6A8DFB-5EB4-44FC-A43A-E1B066B93420}"
EndProject
Project("{2150E333-8FDC-42A3-9474-1A3956D46DE8}") = "Data", "Data", "{199F10EA-A5EA-419E-817C-50BA7CF7F428}"
EndProject
Project("{FAE04EC0-301F-11D3-BF4B-00C04F79EFBC}") = "Transfer.Api", "Transfer.Api\Transfer.Api.csproj", "{D33F0739-4E62-4937-B46A-ADF759AE5CE9}"
EndProject
Project("{FAE04EC0-301F-11D3-BF4B-00C04F79EFBC}") = "Transfer.Application", "Transfer.Application\Transfer.Application.csproj", "{1E5C5121-8011-4FE2-A944-3A91987EE646}"
EndProject
Project("{FAE04EC0-301F-11D3-BF4B-00C04F79EFBC}") = "Transfer.Data", "Transfer.Data\Transfer.Data.csproj", "{1FA14F05-43A8-4ADF-8457-5F7D9F937E20}"
EndProject
Project("{FAE04EC0-301F-11D3-BF4B-00C04F79EFBC}") = "Transfer.Domain", "Transfer.Domain\Transfer.Domain.csproj", "{17FB3921-383A-46EE-A5B5-F8AEFFAFF6A3}"
EndProject
Project("{2150E333-8FDC-42A3-9474-1A3956D46DE8}") = "Domain", "Domain", "{9F365F64-B02A-427D-99D4-05AA806D18E4}"
EndProject
Global
	GlobalSection(SolutionConfigurationPlatforms) = preSolution
		Debug|Any CPU = Debug|Any CPU
		Release|Any CPU = Release|Any CPU
	EndGlobalSection
	GlobalSection(SolutionProperties) = preSolution
		HideSolutionNode = FALSE
	EndGlobalSection
	GlobalSection(NestedProjects) = preSolution
		{46481683-F6CB-4E95-B0D8-6C068924C1B3} = {CEBF0DBF-328B-4561-8542-478060FF6600}
		{0050B8F4-92E1-4720-9DB5-D30FA19C8312} = {B893C036-8D16-4058-BA3F-5529BA0E6B49}
		{93E4340F-2D8C-4C94-B046-35CAF6E8193B} = {05C0167C-9E2B-40B8-B942-20C1EF387844}
		{D153AF5C-76CD-4065-AF22-1E4C6488A611} = {6A9D5D3A-9FE2-4AE5-B024-75F5F33FB5FF}
		{BDBEAD32-3E99-4B57-B82A-7900BC1A63D7} = {D153AF5C-76CD-4065-AF22-1E4C6488A611}
		{1B5F6347-E050-4B2A-AF7A-B2FB47B9268A} = {D153AF5C-76CD-4065-AF22-1E4C6488A611}
		{269C7884-D7FE-4F09-A568-759B699AA78F} = {D153AF5C-76CD-4065-AF22-1E4C6488A611}
		{B528B1CD-F003-4E07-812C-68E5E1A5E895} = {D153AF5C-76CD-4065-AF22-1E4C6488A611}
		{CD445EBD-C077-423D-BB3E-61C98661FAF5} = {269C7884-D7FE-4F09-A568-759B699AA78F}
		{5ADB0847-9672-43F0-A406-AE994AE1D264} = {B528B1CD-F003-4E07-812C-68E5E1A5E895}
		{72665DCB-FFE9-443C-AC8B-C2951DCA9627} = {1B5F6347-E050-4B2A-AF7A-B2FB47B9268A}
		{B824A42F-4AEB-4FA9-A516-2BD0A1C3862C} = {BDBEAD32-3E99-4B57-B82A-7900BC1A63D7}
		{950FB2F8-CBA0-437E-B568-18F9749B2771} = {6A9D5D3A-9FE2-4AE5-B024-75F5F33FB5FF}
		{28E1BE8B-30D1-4136-B4C5-FCD61BC75917} = {950FB2F8-CBA0-437E-B568-18F9749B2771}
		{9A6A8DFB-5EB4-44FC-A43A-E1B066B93420} = {950FB2F8-CBA0-437E-B568-18F9749B2771}
		{199F10EA-A5EA-419E-817C-50BA7CF7F428} = {950FB2F8-CBA0-437E-B568-18F9749B2771}
		{D33F0739-4E62-4937-B46A-ADF759AE5CE9} = {28E1BE8B-30D1-4136-B4C5-FCD61BC75917}
		{1E5C5121-8011-4FE2-A944-3A91987EE646} = {9A6A8DFB-5EB4-44FC-A43A-E1B066B93420}
		{1FA14F05-43A8-4ADF-8457-5F7D9F937E20} = {199F10EA-A5EA-419E-817C-50BA7CF7F428}
		{9F365F64-B02A-427D-99D4-05AA806D18E4} = {950FB2F8-CBA0-437E-B568-18F9749B2771}
		{17FB3921-383A-46EE-A5B5-F8AEFFAFF6A3} = {9F365F64-B02A-427D-99D4-05AA806D18E4}
	EndGlobalSection
	GlobalSection(ProjectConfigurationPlatforms) = postSolution
		{46481683-F6CB-4E95-B0D8-6C068924C1B3}.Debug|Any CPU.ActiveCfg = Debug|Any CPU
		{46481683-F6CB-4E95-B0D8-6C068924C1B3}.Debug|Any CPU.Build.0 = Debug|Any CPU
		{46481683-F6CB-4E95-B0D8-6C068924C1B3}.Release|Any CPU.ActiveCfg = Release|Any CPU
		{46481683-F6CB-4E95-B0D8-6C068924C1B3}.Release|Any CPU.Build.0 = Release|Any CPU
		{0050B8F4-92E1-4720-9DB5-D30FA19C8312}.Debug|Any CPU.ActiveCfg = Debug|Any CPU
		{0050B8F4-92E1-4720-9DB5-D30FA19C8312}.Debug|Any CPU.Build.0 = Debug|Any CPU
		{0050B8F4-92E1-4720-9DB5-D30FA19C8312}.Release|Any CPU.ActiveCfg = Release|Any CPU
		{0050B8F4-92E1-4720-9DB5-D30FA19C8312}.Release|Any CPU.Build.0 = Release|Any CPU
		{93E4340F-2D8C-4C94-B046-35CAF6E8193B}.Debug|Any CPU.ActiveCfg = Debug|Any CPU
		{93E4340F-2D8C-4C94-B046-35CAF6E8193B}.Debug|Any CPU.Build.0 = Debug|Any CPU
		{93E4340F-2D8C-4C94-B046-35CAF6E8193B}.Release|Any CPU.ActiveCfg = Release|Any CPU
		{93E4340F-2D8C-4C94-B046-35CAF6E8193B}.Release|Any CPU.Build.0 = Release|Any CPU
		{CD445EBD-C077-423D-BB3E-61C98661FAF5}.Debug|Any CPU.ActiveCfg = Debug|Any CPU
		{CD445EBD-C077-423D-BB3E-61C98661FAF5}.Debug|Any CPU.Build.0 = Debug|Any CPU
		{CD445EBD-C077-423D-BB3E-61C98661FAF5}.Release|Any CPU.ActiveCfg = Release|Any CPU
		{CD445EBD-C077-423D-BB3E-61C98661FAF5}.Release|Any CPU.Build.0 = Release|Any CPU
		{5ADB0847-9672-43F0-A406-AE994AE1D264}.Debug|Any CPU.ActiveCfg = Debug|Any CPU
		{5ADB0847-9672-43F0-A406-AE994AE1D264}.Debug|Any CPU.Build.0 = Debug|Any CPU
		{5ADB0847-9672-43F0-A406-AE994AE1D264}.Release|Any CPU.ActiveCfg = Release|Any CPU
		{5ADB0847-9672-43F0-A406-AE994AE1D264}.Release|Any CPU.Build.0 = Release|Any CPU
		{72665DCB-FFE9-443C-AC8B-C2951DCA9627}.Debug|Any CPU.ActiveCfg = Debug|Any CPU
		{72665DCB-FFE9-443C-AC8B-C2951DCA9627}.Debug|Any CPU.Build.0 = Debug|Any CPU
		{72665DCB-FFE9-443C-AC8B-C2951DCA9627}.Release|Any CPU.ActiveCfg = Release|Any CPU
		{72665DCB-FFE9-443C-AC8B-C2951DCA9627}.Release|Any CPU.Build.0 = Release|Any CPU
		{B824A42F-4AEB-4FA9-A516-2BD0A1C3862C}.Debug|Any CPU.ActiveCfg = Debug|Any CPU
		{B824A42F-4AEB-4FA9-A516-2BD0A1C3862C}.Debug|Any CPU.Build.0 = Debug|Any CPU
		{B824A42F-4AEB-4FA9-A516-2BD0A1C3862C}.Release|Any CPU.ActiveCfg = Release|Any CPU
		{B824A42F-4AEB-4FA9-A516-2BD0A1C3862C}.Release|Any CPU.Build.0 = Release|Any CPU
		{D33F0739-4E62-4937-B46A-ADF759AE5CE9}.Debug|Any CPU.ActiveCfg = Debug|Any CPU
		{D33F0739-4E62-4937-B46A-ADF759AE5CE9}.Debug|Any CPU.Build.0 = Debug|Any CPU
		{D33F0739-4E62-4937-B46A-ADF759AE5CE9}.Release|Any CPU.ActiveCfg = Release|Any CPU
		{D33F0739-4E62-4937-B46A-ADF759AE5CE9}.Release|Any CPU.Build.0 = Release|Any CPU
		{1E5C5121-8011-4FE2-A944-3A91987EE646}.Debug|Any CPU.ActiveCfg = Debug|Any CPU
		{1E5C5121-8011-4FE2-A944-3A91987EE646}.Debug|Any CPU.Build.0 = Debug|Any CPU
		{1E5C5121-8011-4FE2-A944-3A91987EE646}.Release|Any CPU.ActiveCfg = Release|Any CPU
		{1E5C5121-8011-4FE2-A944-3A91987EE646}.Release|Any CPU.Build.0 = Release|Any CPU
		{1FA14F05-43A8-4ADF-8457-5F7D9F937E20}.Debug|Any CPU.ActiveCfg = Debug|Any CPU
		{1FA14F05-43A8-4ADF-8457-5F7D9F937E20}.Debug|Any CPU.Build.0 = Debug|Any CPU
		{1FA14F05-43A8-4ADF-8457-5F7D9F937E20}.Release|Any CPU.ActiveCfg = Release|Any CPU
		{1FA14F05-43A8-4ADF-8457-5F7D9F937E20}.Release|Any CPU.Build.0 = Release|Any CPU
		{17FB3921-383A-46EE-A5B5-F8AEFFAFF6A3}.Debug|Any CPU.ActiveCfg = Debug|Any CPU
		{17FB3921-383A-46EE-A5B5-F8AEFFAFF6A3}.Debug|Any CPU.Build.0 = Debug|Any CPU
		{17FB3921-383A-46EE-A5B5-F8AEFFAFF6A3}.Release|Any CPU.ActiveCfg = Release|Any CPU
		{17FB3921-383A-46EE-A5B5-F8AEFFAFF6A3}.Release|Any CPU.Build.0 = Release|Any CPU
	EndGlobalSection
EndGlobal
