
Microsoft Visual Studio Solution File, Format Version 12.00
# Visual Studio Version 17
VisualStudioVersion = 17.0.31903.59
MinimumVisualStudioVersion = 10.0.40219.1
Project("{2150E333-8FDC-42A3-9474-1A3956D46DE8}") = "Domain", "Domain", "{CEBF0DBF-328B-4561-8542-478060FF6600}"
EndProject
Project("{2150E333-8FDC-42A3-9474-1A3956D46DE8}") = "Infa.Bus", "Infa.Bus", "{B893C036-8D16-4058-BA3F-5529BA0E6B49}"
EndProject
Project("{2150E333-8FDC-42A3-9474-1A3956D46DE8}") = "Infa.loC", "Infa.loC", "{05C0167C-9E2B-40B8-B942-20C1EF387844}"
EndProject
Project("{2150E333-8FDC-42A3-9474-1A3956D46DE8}") = "Microservices", "Microservices", "{6A9D5D3A-9FE2-4AE5-B024-75F5F33FB5FF}"
EndProject
Project("{2150E333-8FDC-42A3-9474-1A3956D46DE8}") = "Presentation", "Presentation", "{481C3181-61D8-46EE-8A66-3ABA955DA54A}"
EndProject
Project("{FAE04EC0-301F-11D3-BF4B-00C04F79EFBC}") = "MicroBanking.Domain.Core", "MicroBanking.Domain.Core\MicroBanking.Domain.Core.csproj", "{46481683-F6CB-4E95-B0D8-6C068924C1B3}"
EndProject
Project("{FAE04EC0-301F-11D3-BF4B-00C04F79EFBC}") = "Rabbit.Infa.Bus", "Rabbit.Infa.Bus\Rabbit.Infa.Bus.csproj", "{0050B8F4-92E1-4720-9DB5-D30FA19C8312}"
EndProject
Project("{FAE04EC0-301F-11D3-BF4B-00C04F79EFBC}") = "MicroBanking.Infra.Bus", "MicroBanking.Infra.Bus\MicroBanking.Infra.Bus.csproj", "{93E4340F-2D8C-4C94-B046-35CAF6E8193B}"
EndProject
Project("{2150E333-8FDC-42A3-9474-1A3956D46DE8}") = "Banking", "Banking", "{D153AF5C-76CD-4065-AF22-1E4C6488A611}"
EndProject
Project("{2150E333-8FDC-42A3-9474-1A3956D46DE8}") = "Api", "Api", "{BDBEAD32-3E99-4B57-B82A-7900BC1A63D7}"
EndProject
Project("{2150E333-8FDC-42A3-9474-1A3956D46DE8}") = "Domain", "Domain", "{1B5F6347-E050-4B2A-AF7A-B2FB47B9268A}"
EndProject
Project("{2150E333-8FDC-42A3-9474-1A3956D46DE8}") = "Application", "Application", "{269C7884-D7FE-4F09-A568-759B699AA78F}"
EndProject
Project("{2150E333-8FDC-42A3-9474-1A3956D46DE8}") = "Data", "Data", "{B528B1CD-F003-4E07-812C-68E5E1A5E895}"
EndProject
Project("{FAE04EC0-301F-11D3-BF4B-00C04F79EFBC}") = "MicroBanking.Application", "MicroBanking.Application\MicroBanking.Application.csproj", "{CD445EBD-C077-423D-BB3E-61C98661FAF5}"
EndProject
Project("{FAE04EC0-301F-11D3-BF4B-00C04F79EFBC}") = "MicroBanking.Data", "MicroBanking.Data\MicroBanking.Data.csproj", "{5ADB0847-9672-43F0-A406-AE994AE1D264}"
EndProject
Project("{FAE04EC0-301F-11D3-BF4B-00C04F79EFBC}") = "MicroBanking.Domain", "MicroBanking.Domain\MicroBanking.Domain.csproj", "{72665DCB-FFE9-443C-AC8B-C2951DCA9627}"
EndProject
Project("{FAE04EC0-301F-11D3-BF4B-00C04F79EFBC}") = "WebApplication1", "WebApplication1\WebApplication1.csproj", "{B824A42F-4AEB-4FA9-A516-2BD0A1C3862C}"
EndProject
Global
	GlobalSection(SolutionConfigurationPlatforms) = preSolution
		Debug|Any CPU = Debug|Any CPU
		Release|Any CPU = Release|Any CPU
	EndGlobalSection
	GlobalSection(SolutionProperties) = preSolution
		HideSolutionNode = FALSE
	EndGlobalSection
	GlobalSection(NestedProjects) = preSolution
		{46481683-F6CB-4E95-B0D8-6C068924C1B3} = {CEBF0DBF-328B-4561-8542-478060FF6600}
		{0050B8F4-92E1-4720-9DB5-D30FA19C8312} = {B893C036-8D16-4058-BA3F-5529BA0E6B49}
		{93E4340F-2D8C-4C94-B046-35CAF6E8193B} = {05C0167C-9E2B-40B8-B942-20C1EF387844}
		{D153AF5C-76CD-4065-AF22-1E4C6488A611} = {6A9D5D3A-9FE2-4AE5-B024-75F5F33FB5FF}
		{BDBEAD32-3E99-4B57-B82A-7900BC1A63D7} = {D153AF5C-76CD-4065-AF22-1E4C6488A611}
		{1B5F6347-E050-4B2A-AF7A-B2FB47B9268A} = {D153AF5C-76CD-4065-AF22-1E4C6488A611}
		{269C7884-D7FE-4F09-A568-759B699AA78F} = {D153AF5C-76CD-4065-AF22-1E4C6488A611}
		{B528B1CD-F003-4E07-812C-68E5E1A5E895} = {D153AF5C-76CD-4065-AF22-1E4C6488A611}
		{CD445EBD-C077-423D-BB3E-61C98661FAF5} = {269C7884-D7FE-4F09-A568-759B699AA78F}
		{5ADB0847-9672-43F0-A406-AE994AE1D264} = {B528B1CD-F003-4E07-812C-68E5E1A5E895}
		{72665DCB-FFE9-443C-AC8B-C2951DCA9627} = {1B5F6347-E050-4B2A-AF7A-B2FB47B9268A}
		{B824A42F-4AEB-4FA9-A516-2BD0A1C3862C} = {BDBEAD32-3E99-4B57-B82A-7900BC1A63D7}
	EndGlobalSection
	GlobalSection(ProjectConfigurationPlatforms) = postSolution
		{46481683-F6CB-4E95-B0D8-6C068924C1B3}.Debug|Any CPU.ActiveCfg = Debug|Any CPU
		{46481683-F6CB-4E95-B0D8-6C068924C1B3}.Debug|Any CPU.Build.0 = Debug|Any CPU
		{46481683-F6CB-4E95-B0D8-6C068924C1B3}.Release|Any CPU.ActiveCfg = Release|Any CPU
		{46481683-F6CB-4E95-B0D8-6C068924C1B3}.Release|Any CPU.Build.0 = Release|Any CPU
		{0050B8F4-92E1-4720-9DB5-D30FA19C8312}.Debug|Any CPU.ActiveCfg = Debug|Any CPU
		{0050B8F4-92E1-4720-9DB5-D30FA19C8312}.Debug|Any CPU.Build.0 = Debug|Any CPU
		{0050B8F4-92E1-4720-9DB5-D30FA19C8312}.Release|Any CPU.ActiveCfg = Release|Any CPU
		{0050B8F4-92E1-4720-9DB5-D30FA19C8312}.Release|Any CPU.Build.0 = Release|Any CPU
		{93E4340F-2D8C-4C94-B046-35CAF6E8193B}.Debug|Any CPU.ActiveCfg = Debug|Any CPU
		{93E4340F-2D8C-4C94-B046-35CAF6E8193B}.Debug|Any CPU.Build.0 = Debug|Any CPU
		{93E4340F-2D8C-4C94-B046-35CAF6E8193B}.Release|Any CPU.ActiveCfg = Release|Any CPU
		{93E4340F-2D8C-4C94-B046-35CAF6E8193B}.Release|Any CPU.Build.0 = Release|Any CPU
		{CD445EBD-C077-423D-BB3E-61C98661FAF5}.Debug|Any CPU.ActiveCfg = Debug|Any CPU
		{CD445EBD-C077-423D-BB3E-61C98661FAF5}.Debug|Any CPU.Build.0 = Debug|Any CPU
		{CD445EBD-C077-423D-BB3E-61C98661FAF5}.Release|Any CPU.ActiveCfg = Release|Any CPU
		{CD445EBD-C077-423D-BB3E-61C98661FAF5}.Release|Any CPU.Build.0 = Release|Any CPU
		{5ADB0847-9672-43F0-A406-AE994AE1D264}.Debug|Any CPU.ActiveCfg = Debug|Any CPU
		{5ADB0847-9672-43F0-A406-AE994AE1D264}.Debug|Any CPU.Build.0 = Debug|Any CPU
		{5ADB0847-9672-43F0-A406-AE994AE1D264}.Release|Any CPU.ActiveCfg = Release|Any CPU
		{5ADB0847-9672-43F0-A406-AE994AE1D264}.Release|Any CPU.Build.0 = Release|Any CPU
		{72665DCB-FFE9-443C-AC8B-C2951DCA9627}.Debug|Any CPU.ActiveCfg = Debug|Any CPU
		{72665DCB-FFE9-443C-AC8B-C2951DCA9627}.Debug|Any CPU.Build.0 = Debug|Any CPU
		{72665DCB-FFE9-443C-AC8B-C2951DCA9627}.Release|Any CPU.ActiveCfg = Release|Any CPU
		{72665DCB-FFE9-443C-AC8B-C2951DCA9627}.Release|Any CPU.Build.0 = Release|Any CPU
		{B824A42F-4AEB-4FA9-A516-2BD0A1C3862C}.Debug|Any CPU.ActiveCfg = Debug|Any CPU
		{B824A42F-4AEB-4FA9-A516-2BD0A1C3862C}.Debug|Any CPU.Build.0 = Debug|Any CPU
		{B824A42F-4AEB-4FA9-A516-2BD0A1C3862C}.Release|Any CPU.ActiveCfg = Release|Any CPU
		{B824A42F-4AEB-4FA9-A516-2BD0A1C3862C}.Release|Any CPU.Build.0 = Release|Any CPU
	EndGlobalSection
EndGlobal
